
Microsoft Visual Studio Solution File, Format Version 12.00
# Visual Studio 15
VisualStudioVersion = 15.0.28010.0
MinimumVisualStudioVersion = 10.0.40219.1
Project("{FAE04EC0-301F-11D3-BF4B-00C04F79EFBC}") = "XactTodo.Api", "XactTodo.Api\XactTodo.Api.csproj", "{27167A26-5072-4B10-800A-668961FC1DF5}"
EndProject
Project("{FAE04EC0-301F-11D3-BF4B-00C04F79EFBC}") = "XactTodo.Domain", "XactTodo.Domain\XactTodo.Domain.csproj", "{CE18345E-F758-4420-8139-8357C4D9DB27}"
EndProject
Project("{FAE04EC0-301F-11D3-BF4B-00C04F79EFBC}") = "XactTodo.Infrastructure", "XactTodo.Infrastructure\XactTodo.Infrastructure.csproj", "{1A0B73BB-B063-4DF5-B1E4-BD08244B76F5}"
EndProject
Global
	GlobalSection(SolutionConfigurationPlatforms) = preSolution
		Debug|Any CPU = Debug|Any CPU
		Release|Any CPU = Release|Any CPU
	EndGlobalSection
	GlobalSection(ProjectConfigurationPlatforms) = postSolution
		{27167A26-5072-4B10-800A-668961FC1DF5}.Debug|Any CPU.ActiveCfg = Debug|Any CPU
		{27167A26-5072-4B10-800A-668961FC1DF5}.Debug|Any CPU.Build.0 = Debug|Any CPU
		{27167A26-5072-4B10-800A-668961FC1DF5}.Release|Any CPU.ActiveCfg = Release|Any CPU
		{27167A26-5072-4B10-800A-668961FC1DF5}.Release|Any CPU.Build.0 = Release|Any CPU
		{CE18345E-F758-4420-8139-8357C4D9DB27}.Debug|Any CPU.ActiveCfg = Debug|Any CPU
		{CE18345E-F758-4420-8139-8357C4D9DB27}.Debug|Any CPU.Build.0 = Debug|Any CPU
		{CE18345E-F758-4420-8139-8357C4D9DB27}.Release|Any CPU.ActiveCfg = Release|Any CPU
		{CE18345E-F758-4420-8139-8357C4D9DB27}.Release|Any CPU.Build.0 = Release|Any CPU
		{1A0B73BB-B063-4DF5-B1E4-BD08244B76F5}.Debug|Any CPU.ActiveCfg = Debug|Any CPU
		{1A0B73BB-B063-4DF5-B1E4-BD08244B76F5}.Debug|Any CPU.Build.0 = Debug|Any CPU
		{1A0B73BB-B063-4DF5-B1E4-BD08244B76F5}.Release|Any CPU.ActiveCfg = Release|Any CPU
		{1A0B73BB-B063-4DF5-B1E4-BD08244B76F5}.Release|Any CPU.Build.0 = Release|Any CPU
	EndGlobalSection
	GlobalSection(SolutionProperties) = preSolution
		HideSolutionNode = FALSE
	EndGlobalSection
	GlobalSection(ExtensibilityGlobals) = postSolution
		SolutionGuid = {F8CBB148-A765-4B7B-B511-7A8D57BBE7B5}
	EndGlobalSection
EndGlobal
